
Microsoft Visual Studio Solution File, Format Version 12.00
# Visual Studio Version 16
VisualStudioVersion = 16.0.31105.61
MinimumVisualStudioVersion = 10.0.40219.1
Project("{FAE04EC0-301F-11D3-BF4B-00C04F79EFBC}") = "ModConfigEnforcer", "ModConfigEnforcer\ModConfigEnforcer.csproj", "{7E7B5C74-DDFD-4667-980A-04C189E07C67}"
EndProject
Global
	GlobalSection(SolutionConfigurationPlatforms) = preSolution
		Debug|Any CPU = Debug|Any CPU
		Release|Any CPU = Release|Any CPU
	EndGlobalSection
	GlobalSection(ProjectConfigurationPlatforms) = postSolution
		{7E7B5C74-DDFD-4667-980A-04C189E07C67}.Debug|Any CPU.ActiveCfg = Debug|Any CPU
		{7E7B5C74-DDFD-4667-980A-04C189E07C67}.Debug|Any CPU.Build.0 = Debug|Any CPU
		{7E7B5C74-DDFD-4667-980A-04C189E07C67}.Release|Any CPU.ActiveCfg = Release|Any CPU
		{7E7B5C74-DDFD-4667-980A-04C189E07C67}.Release|Any CPU.Build.0 = Release|Any CPU
	EndGlobalSection
	GlobalSection(SolutionProperties) = preSolution
		HideSolutionNode = FALSE
	EndGlobalSection
	GlobalSection(ExtensibilityGlobals) = postSolution
		SolutionGuid = {E3CB9E42-442B-4F76-9821-65B7F4AE7C90}
	EndGlobalSection
EndGlobal
